version: '1.0'
image: hudevals/hud-text-2048@sha256:6d08b34c09817d42713afb9940294824bff8d7b47ed6fea9b261916c977f1dac
build:
  generatedAt: '2025-08-27T09:12:24.910265Z'
  hudVersion: 0.4.12
  directory: text_2048
  version: 0.1.3
environment:
  initializeMs: 4066
  toolCount: 3
tools:
- name: setup
  description: "Call internal 'setup' functions. Available tools:\n\n\u2022 Name:\
    \ board (Initialize a new game with the specified board size.)\n  Arguments: board_size\
    \ (integer) (optional)"
- name: evaluate
  description: "Call internal 'evaluate' functions. Available tools:\n\n\u2022 Name:\
    \ efficiency (Evaluate game efficiency based on score/moves ratio)\n  Arguments:\
    \ min_ratio (number)\n\n\u2022 Name: max_number (No description)\n  Arguments:\
    \ target (integer | null) (optional)"
- name: move
  description: Make a move in the 2048 game by sliding tiles in a direction
push:
  source: hud-text-2048:dev@sha256:6d08b34c09817d42713afb9940294824bff8d7b47ed6fea9b261916c977f1dac
  pushedAt: '2025-08-27T09:13:51.795177Z'
  registry: hudevals
