version: '1.0'
image: hudpython/hud-text-2048@sha256:688c2602fa344616af95f171f10942622180187f6d5ca8a2636c7e689ad8f0c8
build:
  generatedAt: '2025-08-26T06:32:48.638391Z'
  hudVersion: 0.4.8
  directory: text_2048
  version: 0.1.2
environment:
  initializeMs: 3322
  toolCount: 3
tools:
- name: setup
  description: "Call internal 'setup' functions. Available tools:\n\n\u2022 Name:\
    \ board (Initialize a new game with the specified board size.)\n  Arguments: board_size\
    \ (integer) (optional)"
- name: evaluate
  description: "Call internal 'evaluate' functions. Available tools:\n\n\u2022 Name:\
    \ efficiency (Evaluate game efficiency based on score/moves ratio)\n  Arguments:\
    \ min_ratio (number)\n\n\u2022 Name: max_number (No description)\n  Arguments:\
    \ target (integer | null) (optional)"
- name: move
  description: Make a move in the 2048 game by sliding tiles in a direction
push:
  source: hud-text-2048:dev@sha256:688c2602fa344616af95f171f10942622180187f6d5ca8a2636c7e689ad8f0c8
  pushedAt: '2025-08-26T06:33:44.610416Z'
  registry: hudpython
